github.com/aws/aws-sdk-go-v2 v1.16.5 h1:Ah9h1TZD9E2S1LzHpViBO3Jz9FPL5+rmflmb8hXirtI=
github.com/aws/aws-sdk-go-v2 v1.16.5/go.mod h1:Wh7MEsmEApyL5hrWzpDkba4gwAPc5/piwLVLFnCxp48=
github.com/aws/aws-sdk-go-v2 v1.16.14 h1:db6GvO4Z2UqHt5gvT0lr6J5x5P+oQ7bdRzczVaRekMU=
github.com/aws/aws-sdk-go-v2 v1.16.14/go.mod h1:s/G+UV29dECbF5rf+RNj1xhlmvoNurGSr+McVSRj59w=
github.com/aws/aws-sdk-go-v2/aws/protocol/eventstream v1.4.2 h1:LFOGNUQxc/8BlhA4FD+JdYjJKQK6tsz9Xiuh+GUTKAQ=
github.com/aws/aws-sdk-go-v2/aws/protocol/eventstream v1.4.2/go.mod h1:u/38zebMi809w7YFnqY/07Tw/FSs6DGhPD95Xiig7XQ=
github.com/aws/aws-sdk-go-v2/aws/protocol/eventstream v1.4.7 h1:/kxQjtZc7j67TMW/aFJfpsrlvFhsq3lNbX41qN5Tro4=
github.com/aws/aws-sdk-go-v2/aws/protocol/eventstream v1.4.7/go.mod h1:KvHyNlxCjo9Y1Fsz+6Ex9OaN2jKijvMxzROxpW5Vctc=
github.com/aws/aws-sdk-go-v2/config v1.15.11 h1:qfec8AtiCqVbwMcx51G1yO2PYVfWfhp2lWkDH65V9HA=
github.com/aws/aws-sdk-go-v2/config v1.15.11/go.mod h1:mD5tNFciV7YHNjPpFYqJ6KGpoSfY107oZULvTHIxtbI=
github.com/aws/aws-sdk-go-v2/config v1.17.5 h1:+NS1BWvprx7nHcIk5o32LrZgifs/7Pm1V2nWjQgZ2H0=
github.com/aws/aws-sdk-go-v2/config v1.17.5/go.mod h1:H0cvPNDO3uExWts/9PDhD/0ne2esu1uaIulwn1vkwxM=
github.com/aws/aws-sdk-go-v2/credentials v1.12.6 h1:No1wZFW4bcM/uF6Tzzj6IbaeQJM+xxqXOYmoObm33ws=
github.com/aws/aws-sdk-go-v2/credentials v1.12.6/go.mod h1:mQgnRmBPF2S/M01W4T4Obp3ZaZB6o1s/R8cOUda9vtI=
github.com/aws/aws-sdk-go-v2/credentials v1.12.18 h1:HF62tbhARhgLfvmfwUbL9qZ+dkbZYzbFdxBb3l5gr7Q=
github.com/aws/aws-sdk-go-v2/credentials v1.12.18/go.mod h1:O7n/CPagQ33rfG6h7vR/W02ammuc5CrsSM22cNZp9so=
github.com/aws/aws-sdk-go-v2/feature/ec2/imds v1.12.6 h1:+NZzDh/RpcQTpo9xMFUgkseIam6PC+YJbdhbQp1NOXI=
github.com/aws/aws-sdk-go-v2/feature/ec2/imds v1.12.6/go.mod h1:ClLMcuQA/wcHPmOIfNzNI4Y1Q0oDbmEkbYhMFOzHDh8=
github.com/aws/aws-sdk-go-v2/feature/ec2/imds v1.12.15 h1:nkQ+aI0OCeYfzrBipL6ja/6VEbUnHQoZHBHtoK+Nzxw=
github.com/aws/aws-sdk-go-v2/feature/ec2/imds v1.12.15/go.mod h1:Oz2/qWINxIgSmoZT9adpxJy2UhpcOAI3TIyWgYMVSz0=
github.com/aws/aws-sdk-go-v2/internal/configsources v1.1.12 h1:Zt7DDk5V7SyQULUUwIKzsROtVzp/kVvcz15uQx/Tkow=
github.com/aws/aws-sdk-go-v2/internal/configsources v1.1.12/go.mod h1:Afj/U8svX6sJ77Q+FPWMzabJ9QjbwP32YlopgKALUpg=
github.com/aws/aws-sdk-go-v2/internal/configsources v1.1.21 h1:gRIXnmAVNyoRQywdNtpAkgY+f30QNzgF53Q5OobNZZs=
github.com/aws/aws-sdk-go-v2/internal/configsources v1.1.21/go.mod h1:XsmHMV9c512xgsW01q7H0ut+UQQQpWX8QsFbdLHDwaU=
github.com/aws/aws-sdk-go-v2/internal/endpoints/v2 v2.4.6 h1:eeXdGVtXEe+2Jc49+/vAzna3FAQnUD4AagAw8tzbmfc=
github.com/aws/aws-sdk-go-v2/internal/endpoints/v2 v2.4.6/go.mod h1:FwpAKI+FBPIELJIdmQzlLtRe8LQSOreMcM2wBsPMvvc=
github.com/aws/aws-sdk-go-v2/internal/endpoints/v2 v2.4.15 h1:noAhOo2mMDyYhTx99aYPvQw16T3fQ/DiKAv9fzpIKH8=
github.com/aws/aws-sdk-go-v2/internal/endpoints/v2 v2.4.15/go.mod h1:kjJ4CyD9M3Wq88GYg3IPfj67Rs0Uvz8aXK7MJ8BvE4I=
github.com/aws/aws-sdk-go-v2/internal/ini v1.3.13 h1:L/l0WbIpIadRO7i44jZh1/XeXpNDX0sokFppb4ZnXUI=
github.com/aws/aws-sdk-go-v2/internal/ini v1.3.13/go.mod h1:hiM/y1XPp3DoEPhoVEYc/CZcS58dP6RKJRDFp99wdX0=
github.com/aws/aws-sdk-go-v2/internal/ini v1.3.22 h1:nF+E8HfYpOMw6M5oA9efB602VC00IHNQnB5CmFvZPvA=
github.com/aws/aws-sdk-go-v2/internal/ini v1.3.22/go.mod h1:tltHVGy977LrSOgRR5aV9+miyno/Gul/uJNPKS7FzP4=
github.com/aws/aws-sdk-go-v2/internal/v4a v1.0.3 h1:m1vDVDoNK4tZAoWtcetHopEdIeUlrNNpdLZ7cwZke6s=
github.com/aws/aws-sdk-go-v2/internal/v4a v1.0.3/go.mod h1:annFthsb7FiHQd5X9wKDNst9OJvVFY0l0LjQ8zQniJA=
github.com/aws/aws-sdk-go-v2/internal/v4a v1.0.12 h1:i0Tig01XGhXo/ki1BZUbRMhusGVCScEvaWdlFRWxAKk=
github.com/aws/aws-sdk-go-v2/internal/v4a v1.0.12/go.mod h1:QPoxYMISvteeDH4A89gGWWlCA/Bz6oUDF7hGdPdOPuE=
github.com/aws/aws-sdk-go-v2/service/internal/accept-encoding v1.9.2 h1:T/ywkX1ed+TsZVQccu/8rRJGxKZF/t0Ivgrb4MHTSeo=
github.com/aws/aws-sdk-go-v2/service/internal/accept-encoding v1.9.2/go.mod h1:RnloUnyZ4KN9JStGY1LuQ7Wzqh7V0f8FinmRdHYtuaA=
github.com/aws/aws-sdk-go-v2/service/internal/accept-encoding v1.9.8 h1:NpixDFjwr1BZg2459mX07NZnVYGGp62Lb6AtVGOLNlo=
github.com/aws/aws-sdk-go-v2/service/internal/accept-encoding v1.9.8/go.mod h1:MJUgrBPfGB4yk2uWoImVqd9cklry1hATyJV/7gJ6JTk=
github.com/aws/aws-sdk-go-v2/service/internal/checksum v1.1.7 h1:DYUAx8lWAhIzFiD284oq6RUPKppKk3cyqv/hyUkbWuA=
github.com/aws/aws-sdk-go-v2/service/internal/checksum v1.1.7/go.mod h1:6tcs0yjwAW2Z9Yb3Z4X/2tm3u9jNox1dvXxVXTd73Zw=
github.com/aws/aws-sdk-go-v2/service/internal/checksum v1.1.16 h1:kHc3TqW5kJ9Vfd9YEwywrNrL87DItpvAohlP+OuzABY=
github.com/aws/aws-sdk-go-v2/service/internal/checksum v1.1.16/go.mod h1:U/9ZCgIx6x6NTdFRt60qO3gxUxBx4gRi+S/Yc/n+7vc=
github.com/aws/aws-sdk-go-v2/service/internal/presigned-url v1.9.6 h1:0ZxYAZ1cn7Swi/US55VKciCE6RhRHIwCKIWaMLdT6pg=
github.com/aws/aws-sdk-go-v2/service/internal/presigned-url v1.9.6/go.mod h1:DxAPjquoEHf3rUHh1b9+47RAaXB8/7cB6jkzCt/GOEI=
github.com/aws/aws-sdk-go-v2/service/internal/presigned-url v1.9.15 h1:xlf0J6DUgAj/ocvKQxCmad8Bu1lJuRbt5Wu+4G1xw1g=
github.com/aws/aws-sdk-go-v2/service/internal/presigned-url v1.9.15/go.mod h1:ZVJ7ejRl4+tkWMuCwjXoy0jd8fF5u3RCyWjSVjUIvQE=
github.com/aws/aws-sdk-go-v2/service/internal/s3shared v1.13.6 h1:SSrqxZVhrO371eg/C8Fnj6kduzltKHj/mJl2swkTBGc=
github.com/aws/aws-sdk-go-v2/service/internal/s3shared v1.13.6/go.mod h1:TzDyqDka0783D93yVirkcysbibVRxjX5HFJEWms4kKA=
github.com/aws/aws-sdk-go-v2/service/internal/s3shared v1.13.15 h1:v9f7NY7D19ssE2EM+m9yT1m5zdWHuRAsZaFh24GAkOk=
github.com/aws/aws-sdk-go-v2/service/internal/s3shared v1.13.15/go.mod h1:gXfPo3nMoCbJKTZKDxv3rUhcYJjYT/K++jEqcWHjD/Q=
github.com/aws/aws-sdk-go-v2/service/s3 v1.26.11 h1:Wt0512f6GfLiMd6a+NuOCC9r3/trmzHMTB697CBDUwg=
github.com/aws/aws-sdk-go-v2/service/s3 v1.26.11/go.mod h1:VMTprbiZWqW44viXgPSQhWdeZ8JTAeJwhO7OXpC/Rsg=
github.com/aws/aws-sdk-go-v2/service/s3 v1.27.9 h1:imVonvre+AHMcDc3B9bPHHy5ZgjIkkYc/jyDBK8FHFw=
github.com/aws/aws-sdk-go-v2/service/s3 v1.27.9/go.mod h1:0Gfmg8gjPhVPy/IXkLAmyKZbAue+2s11BWKH+oXggmg=
github.com/aws/aws-sdk-go-v2/service/sso v1.11.9 h1:Gju1UO3E8ceuoYc/AHcdXLuTZ0WGE1PT2BYDwcYhJg8=
github.com/aws/aws-sdk-go-v2/service/sso v1.11.9/go.mod h1:UqRD9bBt15P0ofRyDZX6CfsIqPpzeHOhZKWzgSuAzpo=
github.com/aws/aws-sdk-go-v2/service/sso v1.11.21 h1:7jUFr+7F4MzIjCZzy7ygRtXFQcQ0kAbT0gUvtUeAdyU=
github.com/aws/aws-sdk-go-v2/service/sso v1.11.21/go.mod h1:q8nYq51W3gpZempYsAD83fPRlrOTMCwN+Ahg4BKFTXQ=
github.com/aws/aws-sdk-go-v2/service/ssooidc v1.13.3 h1:UTTPNP3/WzZa7hoHP3Szb/Yl0bM3NoBrf5ABy1OArUM=
github.com/aws/aws-sdk-go-v2/service/ssooidc v1.13.3/go.mod h1:+IF75RMJh0+zqTGXGshyEGRsU2ImqWv6UuHGkHl6kEo=
github.com/aws/aws-sdk-go-v2/service/sts v1.16.7 h1:HLzjwQM9975FQWSF3uENDGHT1gFQm/q3QXu2BYIcI08=
github.com/aws/aws-sdk-go-v2/service/sts v1.16.7/go.mod h1:lVxTdiiSHY3jb1aeg+BBFtDzZGSUCv6qaNOyEGCJ1AY=
github.com/aws/aws-sdk-go-v2/service/sts v1.16.17 h1:LVM2jzEQ8mhb2dhrFl4PJ3sa5+KcKT01dsMk2Ma9/FU=
github.com/aws/aws-sdk-go-v2/service/sts v1.16.17/go.mod h1:bQujK1n0V1D1Gz5uII1jaB1WDvhj4/T3tElsJnVXCR0=
github.com/aws/smithy-go v1.11.3 h1:DQixirEFM9IaKxX1olZ3ke3nvxRS2xMDteKIDWxozW8=
github.com/aws/smithy-go v1.11.3/go.mod h1:Tg+OJXh4MB2R/uN61Ko2f6hTZwB/ZYGOtib8J3gBHzA=
github.com/aws/smithy-go v1.13.2 h1:TBLKyeJfXTrTXRHmsv4qWt9IQGYyWThLYaJWSahTOGE=
github.com/aws/smithy-go v1.13.2/go.mod h1:Tg+OJXh4MB2R/uN61Ko2f6hTZwB/ZYGOtib8J3gBHzA=
github.com/davecgh/go-spew v1.1.0/go.mod h1:J7Y8YcW2NihsgmVo/mv3lAwl/skON4iLHjSsI+c5H38=
github.com/google/go-cmp v0.5.8/go.mod h1:17dUlkBOakJ0+DkrSSNjCkIjxS6bF9zb3elmeNGIjoY=
github.com/jmespath/go-jmespath v0.4.0/go.mod h1:T8mJZnbsbmF+m6zOOFylbeCJqk5+pHWvzYPziyZiYoo=
github.com/jmespath/go-jmespath/internal/testify v1.5.1/go.mod h1:L3OGu8Wl2/fWfCI6z80xFu9LTZmf1ZRjMHUOPmWr69U=
github.com/joho/godotenv v1.4.0 h1:3l4+N6zfMWnkbPEXKng2o2/MR5mSwTrBih4ZEkkz1lg=
github.com/joho/godotenv v1.4.0/go.mod h1:f4LDr5Voq0i2e/R5DDNOoa2zzDfwtkZa6DnEwAbqwq4=
github.com/pmezard/go-difflib v1.0.0/go.mod h1:iKH77koFhYxTK1pcRnkKkqfTogsbg7gZNVY4sRDYZ/4=
github.com/stretchr/objx v0.1.0/go.mod h1:HFkY916IF+rwdDfMAkV7OtwuqBVzrE8GR6GFx+wExME=
github.com/tidwall/gjson v1.14.1 h1:iymTbGkQBhveq21bEvAQ81I0LEBork8BFe1CUZXdyuo=
github.com/tidwall/gjson v1.14.1/go.mod h1:/wbyibRr2FHMks5tjHJ5F8dMZh3AcwJEMf5vlfC0lxk=
github.com/tidwall/match v1.1.1 h1:+Ho715JplO36QYgwN9PGYNhgZvoUSc9X2c80KVTi+GA=
github.com/tidwall/match v1.1.1/go.mod h1:eRSPERbgtNPcGhD8UCthc6PmLEQXEWd3PRB5JTxsfmM=
github.com/tidwall/pretty v1.2.0 h1:RWIZEg2iJ8/g6fDDYzMpobmaoGh5OLl4AXtGUGPcqCs=
github.com/tidwall/pretty v1.2.0/go.mod h1:ITEVvHYasfjBbM0u2Pg8T2nJnzm8xPwvNhhsoaGGjNU=
gopkg.in/check.v1 v0.0.0-20161208181325-20d25e280405/go.mod h1:Co6ibVJAznAaIkqp8huTwlJQCZ016jof/cbN4VW5Yz0=
gopkg.in/yaml.v2 v2.2.8/go.mod h1:hI93XBmqTisBFMUTm0b8Fm+jr3Dg1NNxqwp+5A1VGuI=
